
Microsoft Visual Studio Solution File, Format Version 12.00
# Visual Studio Version 16
VisualStudioVersion = 16.0.29201.188
MinimumVisualStudioVersion = 10.0.40219.1
Project("{8BC9CEB8-8B4A-11D0-8D11-00A0C91BC942}") = "Practica01", "Practica01\Practica01.vcxproj", "{7A4A22AF-4B82-412B-9AEC-425FEE497EAD}"
EndProject
Project("{8BC9CEB8-8B4A-11D0-8D11-00A0C91BC942}") = "Practica02", "Practica02\Practica02.vcxproj", "{26F1B084-FE79-4450-B95C-53803EA38958}"
EndProject
Project("{8BC9CEB8-8B4A-11D0-8D11-00A0C91BC942}") = "Practica03", "Practica03\Practica03.vcxproj", "{3BB614BD-8023-48EA-B426-7D7D6057E5B5}"
EndProject
Project("{8BC9CEB8-8B4A-11D0-8D11-00A0C91BC942}") = "Practica04", "Practica04\Practica04.vcxproj", "{73596F5F-CE77-460A-88C0-B2E0191841CD}"
EndProject
Project("{8BC9CEB8-8B4A-11D0-8D11-00A0C91BC942}") = "Practica05", "Practica05\Practica05.vcxproj", "{EC22FABB-DE5C-4065-BCF8-247C838132A4}"
EndProject
Project("{8BC9CEB8-8B4A-11D0-8D11-00A0C91BC942}") = "Practica06", "Practica06\Practica06.vcxproj", "{5C7836AA-DAA5-439F-99DA-2E18D3437E15}"
	ProjectSection(ProjectDependencies) = postProject
		{EC22FABB-DE5C-4065-BCF8-247C838132A4} = {EC22FABB-DE5C-4065-BCF8-247C838132A4}
	EndProjectSection
EndProject
Project("{8BC9CEB8-8B4A-11D0-8D11-00A0C91BC942}") = "Practica09", "Practica09\Practica09.vcxproj", "{333B678A-5CAE-4533-ABCE-D3E39A43B9E9}"
EndProject
Project("{8BC9CEB8-8B4A-11D0-8D11-00A0C91BC942}") = "Practica07", "Practica07\Practica07.vcxproj", "{EE6C11A7-B4A6-4E6A-9675-7938C329AEC3}"
EndProject
Project("{8BC9CEB8-8B4A-11D0-8D11-00A0C91BC942}") = "Practica08", "Practica08\Practica08.vcxproj", "{7A7EE10D-C6F0-499B-94F9-BAF7340FE142}"
EndProject
Project("{8BC9CEB8-8B4A-11D0-8D11-00A0C91BC942}") = "Practica17", "Practica17\Practica17.vcxproj", "{5B399CFF-B3C4-4AEE-B41F-B5F72AC5562C}"
EndProject
Project("{8BC9CEB8-8B4A-11D0-8D11-00A0C91BC942}") = "Practica10", "Practica10\Practica10.vcxproj", "{9ADDCE8F-BAE0-48B6-923F-8791E2D61330}"
EndProject
Project("{8BC9CEB8-8B4A-11D0-8D11-00A0C91BC942}") = "Practica11", "Practica11\Practica11.vcxproj", "{012C1393-2070-40CC-A9AB-C0323A1FEFBB}"
EndProject
Project("{8BC9CEB8-8B4A-11D0-8D11-00A0C91BC942}") = "Practica12", "Practica12\Practica12.vcxproj", "{72211B42-7B97-4167-89AE-93A5157068D4}"
EndProject
Project("{8BC9CEB8-8B4A-11D0-8D11-00A0C91BC942}") = "Practica13", "Practica13\Practica13.vcxproj", "{EF7521C2-44F1-4EB0-82D7-C1C6EB1C21EC}"
EndProject
Project("{8BC9CEB8-8B4A-11D0-8D11-00A0C91BC942}") = "Practica14", "Practica14\Practica14.vcxproj", "{5EA7F6F9-2C4F-4CB2-9E29-9B0E77D3E987}"
EndProject
Project("{8BC9CEB8-8B4A-11D0-8D11-00A0C91BC942}") = "Practica15", "Practica15\Practica15.vcxproj", "{0260EC42-43D8-43A5-826B-1AA30079D07F}"
EndProject
Project("{8BC9CEB8-8B4A-11D0-8D11-00A0C91BC942}") = "Practica16", "Practica16\Practica16.vcxproj", "{3B779C62-63A7-42DF-B7E4-0F43D766D730}"
EndProject
Project("{8BC9CEB8-8B4A-11D0-8D11-00A0C91BC942}") = "Practica18", "Practica18\Practica18.vcxproj", "{B49A7987-E38A-4548-8C33-13B50D0ED173}"
EndProject
Project("{8BC9CEB8-8B4A-11D0-8D11-00A0C91BC942}") = "Practica19", "Practica19\Practica19.vcxproj", "{2F3C988F-5D92-42BB-B108-FA98B4820ADB}"
EndProject
Project("{8BC9CEB8-8B4A-11D0-8D11-00A0C91BC942}") = "Practica20", "Practica20\Practica20.vcxproj", "{F546D2BF-3FC4-4F0E-ABF5-38E33FB659B2}"
EndProject
Global
	GlobalSection(SolutionConfigurationPlatforms) = preSolution
		Debug|x86 = Debug|x86
		Release|x86 = Release|x86
	EndGlobalSection
	GlobalSection(ProjectConfigurationPlatforms) = postSolution
		{7A4A22AF-4B82-412B-9AEC-425FEE497EAD}.Debug|x86.ActiveCfg = Debug|Win32
		{7A4A22AF-4B82-412B-9AEC-425FEE497EAD}.Debug|x86.Build.0 = Debug|Win32
		{7A4A22AF-4B82-412B-9AEC-425FEE497EAD}.Release|x86.ActiveCfg = Release|Win32
		{7A4A22AF-4B82-412B-9AEC-425FEE497EAD}.Release|x86.Build.0 = Release|Win32
		{26F1B084-FE79-4450-B95C-53803EA38958}.Debug|x86.ActiveCfg = Debug|Win32
		{26F1B084-FE79-4450-B95C-53803EA38958}.Debug|x86.Build.0 = Debug|Win32
		{26F1B084-FE79-4450-B95C-53803EA38958}.Release|x86.ActiveCfg = Release|Win32
		{26F1B084-FE79-4450-B95C-53803EA38958}.Release|x86.Build.0 = Release|Win32
		{3BB614BD-8023-48EA-B426-7D7D6057E5B5}.Debug|x86.ActiveCfg = Debug|Win32
		{3BB614BD-8023-48EA-B426-7D7D6057E5B5}.Debug|x86.Build.0 = Debug|Win32
		{3BB614BD-8023-48EA-B426-7D7D6057E5B5}.Release|x86.ActiveCfg = Release|Win32
		{3BB614BD-8023-48EA-B426-7D7D6057E5B5}.Release|x86.Build.0 = Release|Win32
		{73596F5F-CE77-460A-88C0-B2E0191841CD}.Debug|x86.ActiveCfg = Debug|Win32
		{73596F5F-CE77-460A-88C0-B2E0191841CD}.Debug|x86.Build.0 = Debug|Win32
		{73596F5F-CE77-460A-88C0-B2E0191841CD}.Release|x86.ActiveCfg = Release|Win32
		{73596F5F-CE77-460A-88C0-B2E0191841CD}.Release|x86.Build.0 = Release|Win32
		{EC22FABB-DE5C-4065-BCF8-247C838132A4}.Debug|x86.ActiveCfg = Debug|Win32
		{EC22FABB-DE5C-4065-BCF8-247C838132A4}.Debug|x86.Build.0 = Debug|Win32
		{EC22FABB-DE5C-4065-BCF8-247C838132A4}.Release|x86.ActiveCfg = Release|Win32
		{EC22FABB-DE5C-4065-BCF8-247C838132A4}.Release|x86.Build.0 = Release|Win32
		{5C7836AA-DAA5-439F-99DA-2E18D3437E15}.Debug|x86.ActiveCfg = Debug|Win32
		{5C7836AA-DAA5-439F-99DA-2E18D3437E15}.Debug|x86.Build.0 = Debug|Win32
		{5C7836AA-DAA5-439F-99DA-2E18D3437E15}.Release|x86.ActiveCfg = Release|Win32
		{5C7836AA-DAA5-439F-99DA-2E18D3437E15}.Release|x86.Build.0 = Release|Win32
		{333B678A-5CAE-4533-ABCE-D3E39A43B9E9}.Debug|x86.ActiveCfg = Debug|Win32
		{333B678A-5CAE-4533-ABCE-D3E39A43B9E9}.Debug|x86.Build.0 = Debug|Win32
		{333B678A-5CAE-4533-ABCE-D3E39A43B9E9}.Release|x86.ActiveCfg = Release|Win32
		{333B678A-5CAE-4533-ABCE-D3E39A43B9E9}.Release|x86.Build.0 = Release|Win32
		{EE6C11A7-B4A6-4E6A-9675-7938C329AEC3}.Debug|x86.ActiveCfg = Debug|Win32
		{EE6C11A7-B4A6-4E6A-9675-7938C329AEC3}.Debug|x86.Build.0 = Debug|Win32
		{EE6C11A7-B4A6-4E6A-9675-7938C329AEC3}.Release|x86.ActiveCfg = Release|Win32
		{EE6C11A7-B4A6-4E6A-9675-7938C329AEC3}.Release|x86.Build.0 = Release|Win32
		{7A7EE10D-C6F0-499B-94F9-BAF7340FE142}.Debug|x86.ActiveCfg = Debug|Win32
		{7A7EE10D-C6F0-499B-94F9-BAF7340FE142}.Debug|x86.Build.0 = Debug|Win32
		{7A7EE10D-C6F0-499B-94F9-BAF7340FE142}.Release|x86.ActiveCfg = Release|Win32
		{7A7EE10D-C6F0-499B-94F9-BAF7340FE142}.Release|x86.Build.0 = Release|Win32
		{5B399CFF-B3C4-4AEE-B41F-B5F72AC5562C}.Debug|x86.ActiveCfg = Debug|Win32
		{5B399CFF-B3C4-4AEE-B41F-B5F72AC5562C}.Debug|x86.Build.0 = Debug|Win32
		{5B399CFF-B3C4-4AEE-B41F-B5F72AC5562C}.Release|x86.ActiveCfg = Release|Win32
		{5B399CFF-B3C4-4AEE-B41F-B5F72AC5562C}.Release|x86.Build.0 = Release|Win32
		{9ADDCE8F-BAE0-48B6-923F-8791E2D61330}.Debug|x86.ActiveCfg = Debug|Win32
		{9ADDCE8F-BAE0-48B6-923F-8791E2D61330}.Debug|x86.Build.0 = Debug|Win32
		{9ADDCE8F-BAE0-48B6-923F-8791E2D61330}.Release|x86.ActiveCfg = Release|Win32
		{9ADDCE8F-BAE0-48B6-923F-8791E2D61330}.Release|x86.Build.0 = Release|Win32
		{012C1393-2070-40CC-A9AB-C0323A1FEFBB}.Debug|x86.ActiveCfg = Debug|Win32
		{012C1393-2070-40CC-A9AB-C0323A1FEFBB}.Debug|x86.Build.0 = Debug|Win32
		{012C1393-2070-40CC-A9AB-C0323A1FEFBB}.Release|x86.ActiveCfg = Release|Win32
		{012C1393-2070-40CC-A9AB-C0323A1FEFBB}.Release|x86.Build.0 = Release|Win32
		{72211B42-7B97-4167-89AE-93A5157068D4}.Debug|x86.ActiveCfg = Debug|Win32
		{72211B42-7B97-4167-89AE-93A5157068D4}.Debug|x86.Build.0 = Debug|Win32
		{72211B42-7B97-4167-89AE-93A5157068D4}.Release|x86.ActiveCfg = Release|Win32
		{72211B42-7B97-4167-89AE-93A5157068D4}.Release|x86.Build.0 = Release|Win32
		{EF7521C2-44F1-4EB0-82D7-C1C6EB1C21EC}.Debug|x86.ActiveCfg = Debug|Win32
		{EF7521C2-44F1-4EB0-82D7-C1C6EB1C21EC}.Debug|x86.Build.0 = Debug|Win32
		{EF7521C2-44F1-4EB0-82D7-C1C6EB1C21EC}.Release|x86.ActiveCfg = Release|Win32
		{EF7521C2-44F1-4EB0-82D7-C1C6EB1C21EC}.Release|x86.Build.0 = Release|Win32
		{5EA7F6F9-2C4F-4CB2-9E29-9B0E77D3E987}.Debug|x86.ActiveCfg = Debug|Win32
		{5EA7F6F9-2C4F-4CB2-9E29-9B0E77D3E987}.Debug|x86.Build.0 = Debug|Win32
		{5EA7F6F9-2C4F-4CB2-9E29-9B0E77D3E987}.Release|x86.ActiveCfg = Release|Win32
		{5EA7F6F9-2C4F-4CB2-9E29-9B0E77D3E987}.Release|x86.Build.0 = Release|Win32
		{0260EC42-43D8-43A5-826B-1AA30079D07F}.Debug|x86.ActiveCfg = Debug|Win32
		{0260EC42-43D8-43A5-826B-1AA30079D07F}.Debug|x86.Build.0 = Debug|Win32
		{0260EC42-43D8-43A5-826B-1AA30079D07F}.Release|x86.ActiveCfg = Release|Win32
		{0260EC42-43D8-43A5-826B-1AA30079D07F}.Release|x86.Build.0 = Release|Win32
		{3B779C62-63A7-42DF-B7E4-0F43D766D730}.Debug|x86.ActiveCfg = Debug|Win32
		{3B779C62-63A7-42DF-B7E4-0F43D766D730}.Debug|x86.Build.0 = Debug|Win32
		{3B779C62-63A7-42DF-B7E4-0F43D766D730}.Release|x86.ActiveCfg = Release|Win32
		{3B779C62-63A7-42DF-B7E4-0F43D766D730}.Release|x86.Build.0 = Release|Win32
		{B49A7987-E38A-4548-8C33-13B50D0ED173}.Debug|x86.ActiveCfg = Debug|Win32
		{B49A7987-E38A-4548-8C33-13B50D0ED173}.Debug|x86.Build.0 = Debug|Win32
		{B49A7987-E38A-4548-8C33-13B50D0ED173}.Release|x86.ActiveCfg = Release|Win32
		{B49A7987-E38A-4548-8C33-13B50D0ED173}.Release|x86.Build.0 = Release|Win32
		{2F3C988F-5D92-42BB-B108-FA98B4820ADB}.Debug|x86.ActiveCfg = Debug|Win32
		{2F3C988F-5D92-42BB-B108-FA98B4820ADB}.Debug|x86.Build.0 = Debug|Win32
		{2F3C988F-5D92-42BB-B108-FA98B4820ADB}.Release|x86.ActiveCfg = Release|Win32
		{2F3C988F-5D92-42BB-B108-FA98B4820ADB}.Release|x86.Build.0 = Release|Win32
		{F546D2BF-3FC4-4F0E-ABF5-38E33FB659B2}.Debug|x86.ActiveCfg = Debug|Win32
		{F546D2BF-3FC4-4F0E-ABF5-38E33FB659B2}.Debug|x86.Build.0 = Debug|Win32
		{F546D2BF-3FC4-4F0E-ABF5-38E33FB659B2}.Release|x86.ActiveCfg = Release|Win32
		{F546D2BF-3FC4-4F0E-ABF5-38E33FB659B2}.Release|x86.Build.0 = Release|Win32
	EndGlobalSection
	GlobalSection(SolutionProperties) = preSolution
		HideSolutionNode = FALSE
	EndGlobalSection
	GlobalSection(ExtensibilityGlobals) = postSolution
		SolutionGuid = {82F4101C-A6FE-463D-A049-0F1EA7B766B3}
	EndGlobalSection
EndGlobal
